
Microsoft Visual Studio Solution File, Format Version 12.00
# Visual Studio Version 16
VisualStudioVersion = 16.0.29509.3
MinimumVisualStudioVersion = 10.0.40219.1
Project("{9A19103F-16F7-4668-BE54-9A1E7A4F7556}") = "AbstractFactory", "CSharpDesignPatternPractice\AbstractFactory.csproj", "{47842C28-CB80-4FEE-BD33-48BA404796E4}"
EndProject
Project("{9A19103F-16F7-4668-BE54-9A1E7A4F7556}") = "Builder", "Builder\Builder.csproj", "{B6CBB9AF-9213-4C9D-A398-A58B9711AFED}"
EndProject
Project("{9A19103F-16F7-4668-BE54-9A1E7A4F7556}") = "Factory_Method", "Factory_Method\Factory_Method.csproj", "{E2D990E8-2379-4C47-8ABA-C055BDD956D4}"
EndProject
Project("{9A19103F-16F7-4668-BE54-9A1E7A4F7556}") = "Prototype", "Prototype\Prototype.csproj", "{EFACD873-8DCB-4FD9-87CA-F26FA358E9DA}"
EndProject
Project("{9A19103F-16F7-4668-BE54-9A1E7A4F7556}") = "Singleton", "Singleton\Singleton.csproj", "{4E38D48A-66EA-4AE9-8230-0153D93C3C16}"
EndProject
Project("{2150E333-8FDC-42A3-9474-1A3956D46DE8}") = "Creational Patterns", "Creational Patterns", "{EE9D45C0-D4E3-4F39-B881-4BC61EF786A8}"
EndProject
Project("{2150E333-8FDC-42A3-9474-1A3956D46DE8}") = "Structural Patterns", "Structural Patterns", "{20268A6D-9210-476F-8DDF-25426FCEFD9E}"
EndProject
Project("{9A19103F-16F7-4668-BE54-9A1E7A4F7556}") = "Adapter", "Adapter\Adapter.csproj", "{C9FAD6E3-5954-4DD3-8B0E-9A91E1399C83}"
EndProject
Project("{9A19103F-16F7-4668-BE54-9A1E7A4F7556}") = "Bridge", "Bridge\Bridge.csproj", "{C9723F3D-CBE9-4AFD-B0EE-2ECE271307FF}"
EndProject
Project("{9A19103F-16F7-4668-BE54-9A1E7A4F7556}") = "Composite", "Composite\Composite.csproj", "{1220C9CA-A088-45A7-BE6D-5764EC9A95FF}"
EndProject
Project("{9A19103F-16F7-4668-BE54-9A1E7A4F7556}") = "Decorator", "Decorator\Decorator.csproj", "{06E4C305-F3C3-4630-8D87-EBFF26D9931E}"
EndProject
Project("{9A19103F-16F7-4668-BE54-9A1E7A4F7556}") = "Facade", "Facade\Facade.csproj", "{1D8EE3A9-523A-4CD3-A5CD-023B566E2220}"
EndProject
Project("{9A19103F-16F7-4668-BE54-9A1E7A4F7556}") = "Flyweight", "Flyweight\Flyweight.csproj", "{51D4689C-A427-4B85-A27A-EE6A1C7B2E9B}"
EndProject
Project("{9A19103F-16F7-4668-BE54-9A1E7A4F7556}") = "Proxy", "Proxy\Proxy.csproj", "{D06404FC-0A23-4BBD-8C6D-634272E53D87}"
EndProject
Project("{2150E333-8FDC-42A3-9474-1A3956D46DE8}") = "Behavioral Patterns", "Behavioral Patterns", "{62C3E0F4-7A44-438C-B159-3C8A7B38174A}"
EndProject
Project("{9A19103F-16F7-4668-BE54-9A1E7A4F7556}") = "Chain of Responsibility", "Chain of Responsibility\Chain of Responsibility.csproj", "{FED9E858-50D3-4433-84ED-281176672D70}"
EndProject
Project("{9A19103F-16F7-4668-BE54-9A1E7A4F7556}") = "Command", "Command\Command.csproj", "{CE473612-8661-46E7-A523-BBA8B2DDB950}"
EndProject
Project("{9A19103F-16F7-4668-BE54-9A1E7A4F7556}") = "Interpreter", "Interpreter\Interpreter.csproj", "{9A0F80EE-8EE5-4AAF-9E2C-5E19CB54EBCC}"
EndProject
Project("{9A19103F-16F7-4668-BE54-9A1E7A4F7556}") = "Iterator", "Iterator\Iterator.csproj", "{B7CBA5A2-7AAD-4DD1-A04D-3C637882A2B0}"
EndProject
Project("{9A19103F-16F7-4668-BE54-9A1E7A4F7556}") = "Mediator", "Mediator\Mediator.csproj", "{C1CE486E-7609-42CB-90B9-CED5C72D7FB6}"
EndProject
Project("{9A19103F-16F7-4668-BE54-9A1E7A4F7556}") = "Memento", "Memento\Memento.csproj", "{A15D69A3-50D4-461C-87EA-FEB4A80DC9A8}"
EndProject
Project("{9A19103F-16F7-4668-BE54-9A1E7A4F7556}") = "Observer", "Observer\Observer.csproj", "{23F45E78-D7AD-454C-AC13-2C87558DFB4E}"
EndProject
Project("{9A19103F-16F7-4668-BE54-9A1E7A4F7556}") = "State", "State\State.csproj", "{2DEF2A43-22CE-48DD-9B13-231BD6F5A05B}"
EndProject
Project("{9A19103F-16F7-4668-BE54-9A1E7A4F7556}") = "Strategy", "Strategy\Strategy.csproj", "{636243F5-2A07-44EF-AB05-89650C7A122A}"
EndProject
Project("{9A19103F-16F7-4668-BE54-9A1E7A4F7556}") = "Template Method", "Template Method\Template Method.csproj", "{373E8FC8-8D84-4130-9C4A-E70ACE41C8EF}"
EndProject
Project("{9A19103F-16F7-4668-BE54-9A1E7A4F7556}") = "Visitor", "Visitor\Visitor.csproj", "{63BAD113-1916-4260-AE04-1B77A5F16323}"
EndProject
Global
	GlobalSection(SolutionConfigurationPlatforms) = preSolution
		Debug|Any CPU = Debug|Any CPU
		Release|Any CPU = Release|Any CPU
	EndGlobalSection
	GlobalSection(ProjectConfigurationPlatforms) = postSolution
		{47842C28-CB80-4FEE-BD33-48BA404796E4}.Debug|Any CPU.ActiveCfg = Debug|Any CPU
		{47842C28-CB80-4FEE-BD33-48BA404796E4}.Debug|Any CPU.Build.0 = Debug|Any CPU
		{47842C28-CB80-4FEE-BD33-48BA404796E4}.Release|Any CPU.ActiveCfg = Release|Any CPU
		{47842C28-CB80-4FEE-BD33-48BA404796E4}.Release|Any CPU.Build.0 = Release|Any CPU
		{B6CBB9AF-9213-4C9D-A398-A58B9711AFED}.Debug|Any CPU.ActiveCfg = Debug|Any CPU
		{B6CBB9AF-9213-4C9D-A398-A58B9711AFED}.Debug|Any CPU.Build.0 = Debug|Any CPU
		{B6CBB9AF-9213-4C9D-A398-A58B9711AFED}.Release|Any CPU.ActiveCfg = Release|Any CPU
		{B6CBB9AF-9213-4C9D-A398-A58B9711AFED}.Release|Any CPU.Build.0 = Release|Any CPU
		{E2D990E8-2379-4C47-8ABA-C055BDD956D4}.Debug|Any CPU.ActiveCfg = Debug|Any CPU
		{E2D990E8-2379-4C47-8ABA-C055BDD956D4}.Debug|Any CPU.Build.0 = Debug|Any CPU
		{E2D990E8-2379-4C47-8ABA-C055BDD956D4}.Release|Any CPU.ActiveCfg = Release|Any CPU
		{E2D990E8-2379-4C47-8ABA-C055BDD956D4}.Release|Any CPU.Build.0 = Release|Any CPU
		{EFACD873-8DCB-4FD9-87CA-F26FA358E9DA}.Debug|Any CPU.ActiveCfg = Debug|Any CPU
		{EFACD873-8DCB-4FD9-87CA-F26FA358E9DA}.Debug|Any CPU.Build.0 = Debug|Any CPU
		{EFACD873-8DCB-4FD9-87CA-F26FA358E9DA}.Release|Any CPU.ActiveCfg = Release|Any CPU
		{EFACD873-8DCB-4FD9-87CA-F26FA358E9DA}.Release|Any CPU.Build.0 = Release|Any CPU
		{4E38D48A-66EA-4AE9-8230-0153D93C3C16}.Debug|Any CPU.ActiveCfg = Debug|Any CPU
		{4E38D48A-66EA-4AE9-8230-0153D93C3C16}.Debug|Any CPU.Build.0 = Debug|Any CPU
		{4E38D48A-66EA-4AE9-8230-0153D93C3C16}.Release|Any CPU.ActiveCfg = Release|Any CPU
		{4E38D48A-66EA-4AE9-8230-0153D93C3C16}.Release|Any CPU.Build.0 = Release|Any CPU
		{C9FAD6E3-5954-4DD3-8B0E-9A91E1399C83}.Debug|Any CPU.ActiveCfg = Debug|Any CPU
		{C9FAD6E3-5954-4DD3-8B0E-9A91E1399C83}.Debug|Any CPU.Build.0 = Debug|Any CPU
		{C9FAD6E3-5954-4DD3-8B0E-9A91E1399C83}.Release|Any CPU.ActiveCfg = Release|Any CPU
		{C9FAD6E3-5954-4DD3-8B0E-9A91E1399C83}.Release|Any CPU.Build.0 = Release|Any CPU
		{C9723F3D-CBE9-4AFD-B0EE-2ECE271307FF}.Debug|Any CPU.ActiveCfg = Debug|Any CPU
		{C9723F3D-CBE9-4AFD-B0EE-2ECE271307FF}.Debug|Any CPU.Build.0 = Debug|Any CPU
		{C9723F3D-CBE9-4AFD-B0EE-2ECE271307FF}.Release|Any CPU.ActiveCfg = Release|Any CPU
		{C9723F3D-CBE9-4AFD-B0EE-2ECE271307FF}.Release|Any CPU.Build.0 = Release|Any CPU
		{1220C9CA-A088-45A7-BE6D-5764EC9A95FF}.Debug|Any CPU.ActiveCfg = Debug|Any CPU
		{1220C9CA-A088-45A7-BE6D-5764EC9A95FF}.Debug|Any CPU.Build.0 = Debug|Any CPU
		{1220C9CA-A088-45A7-BE6D-5764EC9A95FF}.Release|Any CPU.ActiveCfg = Release|Any CPU
		{1220C9CA-A088-45A7-BE6D-5764EC9A95FF}.Release|Any CPU.Build.0 = Release|Any CPU
		{06E4C305-F3C3-4630-8D87-EBFF26D9931E}.Debug|Any CPU.ActiveCfg = Debug|Any CPU
		{06E4C305-F3C3-4630-8D87-EBFF26D9931E}.Debug|Any CPU.Build.0 = Debug|Any CPU
		{06E4C305-F3C3-4630-8D87-EBFF26D9931E}.Release|Any CPU.ActiveCfg = Release|Any CPU
		{06E4C305-F3C3-4630-8D87-EBFF26D9931E}.Release|Any CPU.Build.0 = Release|Any CPU
		{1D8EE3A9-523A-4CD3-A5CD-023B566E2220}.Debug|Any CPU.ActiveCfg = Debug|Any CPU
		{1D8EE3A9-523A-4CD3-A5CD-023B566E2220}.Debug|Any CPU.Build.0 = Debug|Any CPU
		{1D8EE3A9-523A-4CD3-A5CD-023B566E2220}.Release|Any CPU.ActiveCfg = Release|Any CPU
		{1D8EE3A9-523A-4CD3-A5CD-023B566E2220}.Release|Any CPU.Build.0 = Release|Any CPU
		{51D4689C-A427-4B85-A27A-EE6A1C7B2E9B}.Debug|Any CPU.ActiveCfg = Debug|Any CPU
		{51D4689C-A427-4B85-A27A-EE6A1C7B2E9B}.Debug|Any CPU.Build.0 = Debug|Any CPU
		{51D4689C-A427-4B85-A27A-EE6A1C7B2E9B}.Release|Any CPU.ActiveCfg = Release|Any CPU
		{51D4689C-A427-4B85-A27A-EE6A1C7B2E9B}.Release|Any CPU.Build.0 = Release|Any CPU
		{D06404FC-0A23-4BBD-8C6D-634272E53D87}.Debug|Any CPU.ActiveCfg = Debug|Any CPU
		{D06404FC-0A23-4BBD-8C6D-634272E53D87}.Debug|Any CPU.Build.0 = Debug|Any CPU
		{D06404FC-0A23-4BBD-8C6D-634272E53D87}.Release|Any CPU.ActiveCfg = Release|Any CPU
		{D06404FC-0A23-4BBD-8C6D-634272E53D87}.Release|Any CPU.Build.0 = Release|Any CPU
		{FED9E858-50D3-4433-84ED-281176672D70}.Debug|Any CPU.ActiveCfg = Debug|Any CPU
		{FED9E858-50D3-4433-84ED-281176672D70}.Debug|Any CPU.Build.0 = Debug|Any CPU
		{FED9E858-50D3-4433-84ED-281176672D70}.Release|Any CPU.ActiveCfg = Release|Any CPU
		{FED9E858-50D3-4433-84ED-281176672D70}.Release|Any CPU.Build.0 = Release|Any CPU
		{CE473612-8661-46E7-A523-BBA8B2DDB950}.Debug|Any CPU.ActiveCfg = Debug|Any CPU
		{CE473612-8661-46E7-A523-BBA8B2DDB950}.Debug|Any CPU.Build.0 = Debug|Any CPU
		{CE473612-8661-46E7-A523-BBA8B2DDB950}.Release|Any CPU.ActiveCfg = Release|Any CPU
		{CE473612-8661-46E7-A523-BBA8B2DDB950}.Release|Any CPU.Build.0 = Release|Any CPU
		{9A0F80EE-8EE5-4AAF-9E2C-5E19CB54EBCC}.Debug|Any CPU.ActiveCfg = Debug|Any CPU
		{9A0F80EE-8EE5-4AAF-9E2C-5E19CB54EBCC}.Debug|Any CPU.Build.0 = Debug|Any CPU
		{9A0F80EE-8EE5-4AAF-9E2C-5E19CB54EBCC}.Release|Any CPU.ActiveCfg = Release|Any CPU
		{9A0F80EE-8EE5-4AAF-9E2C-5E19CB54EBCC}.Release|Any CPU.Build.0 = Release|Any CPU
		{B7CBA5A2-7AAD-4DD1-A04D-3C637882A2B0}.Debug|Any CPU.ActiveCfg = Debug|Any CPU
		{B7CBA5A2-7AAD-4DD1-A04D-3C637882A2B0}.Debug|Any CPU.Build.0 = Debug|Any CPU
		{B7CBA5A2-7AAD-4DD1-A04D-3C637882A2B0}.Release|Any CPU.ActiveCfg = Release|Any CPU
		{B7CBA5A2-7AAD-4DD1-A04D-3C637882A2B0}.Release|Any CPU.Build.0 = Release|Any CPU
		{C1CE486E-7609-42CB-90B9-CED5C72D7FB6}.Debug|Any CPU.ActiveCfg = Debug|Any CPU
		{C1CE486E-7609-42CB-90B9-CED5C72D7FB6}.Debug|Any CPU.Build.0 = Debug|Any CPU
		{C1CE486E-7609-42CB-90B9-CED5C72D7FB6}.Release|Any CPU.ActiveCfg = Release|Any CPU
		{C1CE486E-7609-42CB-90B9-CED5C72D7FB6}.Release|Any CPU.Build.0 = Release|Any CPU
		{A15D69A3-50D4-461C-87EA-FEB4A80DC9A8}.Debug|Any CPU.ActiveCfg = Debug|Any CPU
		{A15D69A3-50D4-461C-87EA-FEB4A80DC9A8}.Debug|Any CPU.Build.0 = Debug|Any CPU
		{A15D69A3-50D4-461C-87EA-FEB4A80DC9A8}.Release|Any CPU.ActiveCfg = Release|Any CPU
		{A15D69A3-50D4-461C-87EA-FEB4A80DC9A8}.Release|Any CPU.Build.0 = Release|Any CPU
		{23F45E78-D7AD-454C-AC13-2C87558DFB4E}.Debug|Any CPU.ActiveCfg = Debug|Any CPU
		{23F45E78-D7AD-454C-AC13-2C87558DFB4E}.Debug|Any CPU.Build.0 = Debug|Any CPU
		{23F45E78-D7AD-454C-AC13-2C87558DFB4E}.Release|Any CPU.ActiveCfg = Release|Any CPU
		{23F45E78-D7AD-454C-AC13-2C87558DFB4E}.Release|Any CPU.Build.0 = Release|Any CPU
		{2DEF2A43-22CE-48DD-9B13-231BD6F5A05B}.Debug|Any CPU.ActiveCfg = Debug|Any CPU
		{2DEF2A43-22CE-48DD-9B13-231BD6F5A05B}.Debug|Any CPU.Build.0 = Debug|Any CPU
		{2DEF2A43-22CE-48DD-9B13-231BD6F5A05B}.Release|Any CPU.ActiveCfg = Release|Any CPU
		{2DEF2A43-22CE-48DD-9B13-231BD6F5A05B}.Release|Any CPU.Build.0 = Release|Any CPU
		{636243F5-2A07-44EF-AB05-89650C7A122A}.Debug|Any CPU.ActiveCfg = Debug|Any CPU
		{636243F5-2A07-44EF-AB05-89650C7A122A}.Debug|Any CPU.Build.0 = Debug|Any CPU
		{636243F5-2A07-44EF-AB05-89650C7A122A}.Release|Any CPU.ActiveCfg = Release|Any CPU
		{636243F5-2A07-44EF-AB05-89650C7A122A}.Release|Any CPU.Build.0 = Release|Any CPU
		{373E8FC8-8D84-4130-9C4A-E70ACE41C8EF}.Debug|Any CPU.ActiveCfg = Debug|Any CPU
		{373E8FC8-8D84-4130-9C4A-E70ACE41C8EF}.Debug|Any CPU.Build.0 = Debug|Any CPU
		{373E8FC8-8D84-4130-9C4A-E70ACE41C8EF}.Release|Any CPU.ActiveCfg = Release|Any CPU
		{373E8FC8-8D84-4130-9C4A-E70ACE41C8EF}.Release|Any CPU.Build.0 = Release|Any CPU
		{63BAD113-1916-4260-AE04-1B77A5F16323}.Debug|Any CPU.ActiveCfg = Debug|Any CPU
		{63BAD113-1916-4260-AE04-1B77A5F16323}.Debug|Any CPU.Build.0 = Debug|Any CPU
		{63BAD113-1916-4260-AE04-1B77A5F16323}.Release|Any CPU.ActiveCfg = Release|Any CPU
		{63BAD113-1916-4260-AE04-1B77A5F16323}.Release|Any CPU.Build.0 = Release|Any CPU
	EndGlobalSection
	GlobalSection(SolutionProperties) = preSolution
		HideSolutionNode = FALSE
	EndGlobalSection
	GlobalSection(NestedProjects) = preSolution
		{47842C28-CB80-4FEE-BD33-48BA404796E4} = {EE9D45C0-D4E3-4F39-B881-4BC61EF786A8}
		{B6CBB9AF-9213-4C9D-A398-A58B9711AFED} = {EE9D45C0-D4E3-4F39-B881-4BC61EF786A8}
		{E2D990E8-2379-4C47-8ABA-C055BDD956D4} = {EE9D45C0-D4E3-4F39-B881-4BC61EF786A8}
		{EFACD873-8DCB-4FD9-87CA-F26FA358E9DA} = {EE9D45C0-D4E3-4F39-B881-4BC61EF786A8}
		{4E38D48A-66EA-4AE9-8230-0153D93C3C16} = {EE9D45C0-D4E3-4F39-B881-4BC61EF786A8}
		{C9FAD6E3-5954-4DD3-8B0E-9A91E1399C83} = {20268A6D-9210-476F-8DDF-25426FCEFD9E}
		{C9723F3D-CBE9-4AFD-B0EE-2ECE271307FF} = {20268A6D-9210-476F-8DDF-25426FCEFD9E}
		{1220C9CA-A088-45A7-BE6D-5764EC9A95FF} = {20268A6D-9210-476F-8DDF-25426FCEFD9E}
		{06E4C305-F3C3-4630-8D87-EBFF26D9931E} = {20268A6D-9210-476F-8DDF-25426FCEFD9E}
		{1D8EE3A9-523A-4CD3-A5CD-023B566E2220} = {20268A6D-9210-476F-8DDF-25426FCEFD9E}
		{51D4689C-A427-4B85-A27A-EE6A1C7B2E9B} = {20268A6D-9210-476F-8DDF-25426FCEFD9E}
		{D06404FC-0A23-4BBD-8C6D-634272E53D87} = {20268A6D-9210-476F-8DDF-25426FCEFD9E}
		{FED9E858-50D3-4433-84ED-281176672D70} = {62C3E0F4-7A44-438C-B159-3C8A7B38174A}
		{CE473612-8661-46E7-A523-BBA8B2DDB950} = {62C3E0F4-7A44-438C-B159-3C8A7B38174A}
		{9A0F80EE-8EE5-4AAF-9E2C-5E19CB54EBCC} = {62C3E0F4-7A44-438C-B159-3C8A7B38174A}
		{B7CBA5A2-7AAD-4DD1-A04D-3C637882A2B0} = {62C3E0F4-7A44-438C-B159-3C8A7B38174A}
		{C1CE486E-7609-42CB-90B9-CED5C72D7FB6} = {62C3E0F4-7A44-438C-B159-3C8A7B38174A}
		{A15D69A3-50D4-461C-87EA-FEB4A80DC9A8} = {62C3E0F4-7A44-438C-B159-3C8A7B38174A}
		{23F45E78-D7AD-454C-AC13-2C87558DFB4E} = {62C3E0F4-7A44-438C-B159-3C8A7B38174A}
		{2DEF2A43-22CE-48DD-9B13-231BD6F5A05B} = {62C3E0F4-7A44-438C-B159-3C8A7B38174A}
		{636243F5-2A07-44EF-AB05-89650C7A122A} = {62C3E0F4-7A44-438C-B159-3C8A7B38174A}
		{373E8FC8-8D84-4130-9C4A-E70ACE41C8EF} = {62C3E0F4-7A44-438C-B159-3C8A7B38174A}
		{63BAD113-1916-4260-AE04-1B77A5F16323} = {62C3E0F4-7A44-438C-B159-3C8A7B38174A}
	EndGlobalSection
	GlobalSection(ExtensibilityGlobals) = postSolution
		SolutionGuid = {06679E0D-F94E-4FA5-9C7F-0100C663BE55}
	EndGlobalSection
EndGlobal
